
Microsoft Visual Studio Solution File, Format Version 12.00
# Visual Studio Version 17
VisualStudioVersion = 17.8.34219.65
MinimumVisualStudioVersion = 10.0.40219.1
Project("{8BC9CEB8-8B4A-11D0-8D11-00A0C91BC942}") = "ConsoleApplication2a", "ConsoleApplication2a\ConsoleApplication2a.vcxproj", "{966A6584-7DBF-43AD-8627-1594EB40B24B}"
EndProject
Global
	GlobalSection(SolutionConfigurationPlatforms) = preSolution
		Debug|x64 = Debug|x64
		Debug|x86 = Debug|x86
		Release|x64 = Release|x64
		Release|x86 = Release|x86
	EndGlobalSection
	GlobalSection(ProjectConfigurationPlatforms) = postSolution
		{966A6584-7DBF-43AD-8627-1594EB40B24B}.Debug|x64.ActiveCfg = Debug|x64
		{966A6584-7DBF-43AD-8627-1594EB40B24B}.Debug|x64.Build.0 = Debug|x64
		{966A6584-7DBF-43AD-8627-1594EB40B24B}.Debug|x86.ActiveCfg = Debug|Win32
		{966A6584-7DBF-43AD-8627-1594EB40B24B}.Debug|x86.Build.0 = Debug|Win32
		{966A6584-7DBF-43AD-8627-1594EB40B24B}.Release|x64.ActiveCfg = Release|x64
		{966A6584-7DBF-43AD-8627-1594EB40B24B}.Release|x64.Build.0 = Release|x64
		{966A6584-7DBF-43AD-8627-1594EB40B24B}.Release|x86.ActiveCfg = Release|Win32
		{966A6584-7DBF-43AD-8627-1594EB40B24B}.Release|x86.Build.0 = Release|Win32
	EndGlobalSection
	GlobalSection(SolutionProperties) = preSolution
		HideSolutionNode = FALSE
	EndGlobalSection
	GlobalSection(ExtensibilityGlobals) = postSolution
		SolutionGuid = {BEC89B20-06A7-4652-B760-25F6AD82FDFC}
	EndGlobalSection
EndGlobal
